
Microsoft Visual Studio Solution File, Format Version 12.00
# Visual Studio Version 16
VisualStudioVersion = 16.0.31624.102
MinimumVisualStudioVersion = 10.0.40219.1
Project("{FAE04EC0-301F-11D3-BF4B-00C04F79EFBC}") = "week5_class", "week5_class.csproj", "{A79F5E87-7479-4660-8044-00BE07E437C6}"
EndProject
Global
	GlobalSection(SolutionConfigurationPlatforms) = preSolution
		Debug|Any CPU = Debug|Any CPU
		Release|Any CPU = Release|Any CPU
	EndGlobalSection
	GlobalSection(ProjectConfigurationPlatforms) = postSolution
		{A79F5E87-7479-4660-8044-00BE07E437C6}.Debug|Any CPU.ActiveCfg = Debug|Any CPU
		{A79F5E87-7479-4660-8044-00BE07E437C6}.Debug|Any CPU.Build.0 = Debug|Any CPU
		{A79F5E87-7479-4660-8044-00BE07E437C6}.Release|Any CPU.ActiveCfg = Release|Any CPU
		{A79F5E87-7479-4660-8044-00BE07E437C6}.Release|Any CPU.Build.0 = Release|Any CPU
	EndGlobalSection
	GlobalSection(SolutionProperties) = preSolution
		HideSolutionNode = FALSE
	EndGlobalSection
	GlobalSection(ExtensibilityGlobals) = postSolution
		SolutionGuid = {295A0F61-05E1-4546-B5A6-29DE7BAEAF17}
	EndGlobalSection
EndGlobal
